%{"exlager": {:git, "git://github.com/khia/exlager.git", "99eb3fb763ae546edfe2ac3dd181987a4872dfcc", []},
  "extwitter": {:git, "git://github.com/parroty/extwitter.git", "e634e68e0b25d30f3c043a70bd5ef03dad6d3a8b", []},
  "goldrush": {:git, "git://github.com/DeadZen/goldrush.git", "71e63212f12c25827e0c1b4198d37d5d018a7fec", [tag: "0.1.6"]},
  "hackney": {:git, "git://github.com/benoitc/hackney.git", "cf90543f9cc21ffea34d71035521b0102b8555cf", [ref: "cf90543f9cc21ffea34d71035521b0102b8555cf"]},
  "hackney_lib": {:git, "https://github.com/benoitc/hackney_lib.git", "48a5a3fc64892c95e4e3efdd464f26ca5683d2f9", [tag: "0.3.0"]},
  "httpoison": {:git, "git://github.com/edgurgel/httpoison.git", "daa3a407efcf0660c06b6ceef8db39282ce7e23f", []},
  "httpotion": {:git, "git://github.com/myfreeweb/httpotion.git", "c20be2e821c08e607b9c0247c83e909d178ee6c0", []},
  "ibrowse": {:git, "git://github.com/cmullaparthi/ibrowse.git", "7871e2ebe8811efb64e1917e2de455fa87e8dfe3", [tag: "v4.1.0"]},
  "idna": {:git, "git://github.com/benoitc/erlang-idna.git", "21aa158b7f36bf2a000f12fe40d7f21eece9cf65", [tag: "hackney-0.11.2"]},
  "jsex": {:git, "git://github.com/talentdeficit/jsex.git", "22d1348180f3ade03fe8f00be6084da9a1f673d3", []},
  "jsx": {:package, "2.0.4"},
  "lager": {:git, "https://github.com/basho/lager.git", "4d8291edb72a25ac0efde907e2ecaa115108ff90", []},
  "oauth": {:git, "git://github.com/tim/erlang-oauth.git", "3ad509d487a72f9437fef31a379bf3cfeeb166a2", []},
  "oauthex": {:git, "git://github.com/marcelog/oauthex.git", "e71aa6a51a26c6c77faff45dc6d0df465ccfd39f", []},
  "oauthiex": {:git, "git://github.com/marcelog/oauthex.git", "e71aa6a51a26c6c77faff45dc6d0df465ccfd39f", []}}
